{
  "name": "codekit-project",
  "version": "1.0.0",
  "lockfileVersion": 1,
  "requires": true,
  "dependencies": {
    "@fancyapps/ui": {
      "version": "4.0.12",
      "resolved": "https://registry.npmjs.org/@fancyapps/ui/-/ui-4.0.12.tgz",
      "integrity": "sha512-S7au4OqkuplceT7nJmu7+IwQapPrg3/nHZ1cJVtE1ewj9PUnt4R6T6k2x7uPyI/DRCUj78fXMpNcm8fLMQpE2g=="
    },
    "gsap": {
      "version": "file:gsap-bonus.tgz",
      "integrity": "sha512-ojXVAt6SdTIuKC+DYJVcDCjnRKPmu7f+VIOpXT2zmw/d6rYgPk1Fi7vG/YfJbMG7iWart3YBIOUbMx0prVBk9w=="
    }
  }
}
